
Microsoft Visual Studio Solution File, Format Version 12.00
# Visual Studio Version 17
VisualStudioVersion = 17.13.35931.197 d17.13
MinimumVisualStudioVersion = 10.0.40219.1
Project("{FAE04EC0-301F-11D3-BF4B-00C04F79EFBC}") = "TheInvestigationGame_15_06", "TheInvestigationGame_15_06\TheInvestigationGame_15_06.csproj", "{CDA271B0-1D23-4A91-8DD1-01B3AB4303C6}"
EndProject
Global
	GlobalSection(SolutionConfigurationPlatforms) = preSolution
		Debug|Any CPU = Debug|Any CPU
		Release|Any CPU = Release|Any CPU
	EndGlobalSection
	GlobalSection(ProjectConfigurationPlatforms) = postSolution
		{CDA271B0-1D23-4A91-8DD1-01B3AB4303C6}.Debug|Any CPU.ActiveCfg = Debug|Any CPU
		{CDA271B0-1D23-4A91-8DD1-01B3AB4303C6}.Debug|Any CPU.Build.0 = Debug|Any CPU
		{CDA271B0-1D23-4A91-8DD1-01B3AB4303C6}.Release|Any CPU.ActiveCfg = Release|Any CPU
		{CDA271B0-1D23-4A91-8DD1-01B3AB4303C6}.Release|Any CPU.Build.0 = Release|Any CPU
	EndGlobalSection
	GlobalSection(SolutionProperties) = preSolution
		HideSolutionNode = FALSE
	EndGlobalSection
	GlobalSection(ExtensibilityGlobals) = postSolution
		SolutionGuid = {472F31F2-413B-464D-9CC1-37BE855219DD}
	EndGlobalSection
EndGlobal
